{
  "nodes": {
    "defaultChannel": {
      "locked": {
        "lastModified": 1635350005,
        "narHash": "sha256-tAMJnUwfaDEB2aa31jGcu7R7bzGELM9noc91L2PbVjg=",
        "owner": "NixOS",
        "repo": "nixpkgs",
        "rev": "1c1f5649bb9c1b0d98637c8c365228f57126f361",
        "type": "github"
      },
      "original": {
        "id": "nixpkgs",
        "ref": "nixos-20.09",
        "type": "indirect"
      }
    },
    "lowdown-src": {
      "flake": false,
      "locked": {
        "lastModified": 1633514407,
        "narHash": "sha256-Dw32tiMjdK9t3ETl5fzGrutQTzh2rufgZV4A/BbxuD4=",
        "owner": "kristapsdz",
        "repo": "lowdown",
        "rev": "d2c2b44ff6c27b936ec27358a2653caaef8f73b8",
        "type": "github"
      },
      "original": {
        "owner": "kristapsdz",
        "repo": "lowdown",
        "type": "github"
      }
    },
    "nix": {
      "inputs": {
        "lowdown-src": "lowdown-src",
        "nixpkgs": [
          "nixpkgs"
        ]
      },
      "locked": {
        "lastModified": 1639739069,
        "narHash": "sha256-GOsiqy9EaTwDn2PLZ4eFj1VkXcBUbqrqHehRE9GuGdU=",
        "owner": "NixOS",
        "repo": "nix",
        "rev": "b4f250417ab64f237c8b51439fe1f427193ab23b",
        "type": "github"
      },
      "original": {
        "id": "nix",
        "ref": "2.5.1",
        "type": "indirect"
      }
    },
    "nixpkgs": {
      "locked": {
        "lastModified": 1642798845,
        "narHash": "sha256-1g1X3wKmroGix68OXwb4gR1yXKPQ36apI1dssd/YbuM=",
        "owner": "NixOS",
        "repo": "nixpkgs",
        "rev": "e84444b14cc75a4be17b58fd2c344f47dddf084e",
        "type": "github"
      },
      "original": {
        "id": "nixpkgs",
        "ref": "nixos-21.11",
        "type": "indirect"
      }
    },
    "root": {
      "inputs": {
        "defaultChannel": "defaultChannel",
        "nix": "nix",
        "nixpkgs": "nixpkgs"
      }
    }
  },
  "root": "root",
  "version": 7
}
